
Microsoft Visual Studio Solution File, Format Version 12.00
# Visual Studio Version 17
VisualStudioVersion = 17.13.35828.75 d17.13
MinimumVisualStudioVersion = 10.0.40219.1
Project("{FAE04EC0-301F-11D3-BF4B-00C04F79EFBC}") = "EllipseStruct", "EllipseStruct\EllipseStruct.csproj", "{441DD43D-15C3-47E6-97B7-7AFF6E97F993}"
EndProject
Project("{FAE04EC0-301F-11D3-BF4B-00C04F79EFBC}") = "EllipseStruct.UnitTest", "EllipseStruct.UnitTest\EllipseStruct.UnitTest.csproj", "{1AF87107-17F8-40D8-BF80-185D62A4A03C}"
EndProject
Global
	GlobalSection(SolutionConfigurationPlatforms) = preSolution
		Debug|Any CPU = Debug|Any CPU
		Release|Any CPU = Release|Any CPU
	EndGlobalSection
	GlobalSection(ProjectConfigurationPlatforms) = postSolution
		{441DD43D-15C3-47E6-97B7-7AFF6E97F993}.Debug|Any CPU.ActiveCfg = Debug|Any CPU
		{441DD43D-15C3-47E6-97B7-7AFF6E97F993}.Debug|Any CPU.Build.0 = Debug|Any CPU
		{441DD43D-15C3-47E6-97B7-7AFF6E97F993}.Release|Any CPU.ActiveCfg = Release|Any CPU
		{441DD43D-15C3-47E6-97B7-7AFF6E97F993}.Release|Any CPU.Build.0 = Release|Any CPU
		{1AF87107-17F8-40D8-BF80-185D62A4A03C}.Debug|Any CPU.ActiveCfg = Debug|Any CPU
		{1AF87107-17F8-40D8-BF80-185D62A4A03C}.Debug|Any CPU.Build.0 = Debug|Any CPU
		{1AF87107-17F8-40D8-BF80-185D62A4A03C}.Release|Any CPU.ActiveCfg = Release|Any CPU
		{1AF87107-17F8-40D8-BF80-185D62A4A03C}.Release|Any CPU.Build.0 = Release|Any CPU
	EndGlobalSection
	GlobalSection(SolutionProperties) = preSolution
		HideSolutionNode = FALSE
	EndGlobalSection
	GlobalSection(ExtensibilityGlobals) = postSolution
		SolutionGuid = {634C8899-57F9-441F-A1E0-713EA68D7FEF}
	EndGlobalSection
EndGlobal
